
Microsoft Visual Studio Solution File, Format Version 12.00
# Visual Studio Version 17
VisualStudioVersion = 17.7.34024.191
MinimumVisualStudioVersion = 10.0.40219.1
Project("{FAE04EC0-301F-11D3-BF4B-00C04F79EFBC}") = "SkoleValgProsjekt", "SkoleValgProsjekt.csproj", "{27B355E3-3A7E-4004-8E38-934973BF5C13}"
EndProject
Global
	GlobalSection(SolutionConfigurationPlatforms) = preSolution
		Debug|Any CPU = Debug|Any CPU
		Release|Any CPU = Release|Any CPU
	EndGlobalSection
	GlobalSection(ProjectConfigurationPlatforms) = postSolution
		{27B355E3-3A7E-4004-8E38-934973BF5C13}.Debug|Any CPU.ActiveCfg = Debug|Any CPU
		{27B355E3-3A7E-4004-8E38-934973BF5C13}.Debug|Any CPU.Build.0 = Debug|Any CPU
		{27B355E3-3A7E-4004-8E38-934973BF5C13}.Release|Any CPU.ActiveCfg = Release|Any CPU
		{27B355E3-3A7E-4004-8E38-934973BF5C13}.Release|Any CPU.Build.0 = Release|Any CPU
	EndGlobalSection
	GlobalSection(SolutionProperties) = preSolution
		HideSolutionNode = FALSE
	EndGlobalSection
	GlobalSection(ExtensibilityGlobals) = postSolution
		SolutionGuid = {EE1A7538-4012-4EDC-9E12-94771D2C1BAE}
	EndGlobalSection
EndGlobal
